
Microsoft Visual Studio Solution File, Format Version 12.00
# Visual Studio 2013
VisualStudioVersion = 12.0.21005.1
MinimumVisualStudioVersion = 10.0.40219.1
Project("{8BC9CEB8-8B4A-11D0-8D11-00A0C91BC942}") = "arm test", "arm test.vcxproj", "{53312B0A-8B40-4986-9A21-A671E8A1AC07}"
EndProject
Project("{2150E333-8FDC-42A3-9474-1A3956D46DE8}") = "Solution Items", "Solution Items", "{56CEF91F-331E-45A6-8254-BFD5BB6D635B}"
EndProject
Global
	GlobalSection(SolutionConfigurationPlatforms) = preSolution
		Debug|Win32 = Debug|Win32
		Release|Win32 = Release|Win32
	EndGlobalSection
	GlobalSection(ProjectConfigurationPlatforms) = postSolution
		{53312B0A-8B40-4986-9A21-A671E8A1AC07}.Debug|Win32.ActiveCfg = Debug|Win32
		{53312B0A-8B40-4986-9A21-A671E8A1AC07}.Debug|Win32.Build.0 = Debug|Win32
		{53312B0A-8B40-4986-9A21-A671E8A1AC07}.Release|Win32.ActiveCfg = Release|Win32
		{53312B0A-8B40-4986-9A21-A671E8A1AC07}.Release|Win32.Build.0 = Release|Win32
	EndGlobalSection
	GlobalSection(SolutionProperties) = preSolution
		HideSolutionNode = FALSE
	EndGlobalSection
EndGlobal
